
Microsoft Visual Studio Solution File, Format Version 12.00
# Visual Studio Version 17
VisualStudioVersion = 17.6.33801.468
MinimumVisualStudioVersion = 10.0.40219.1
Project("{9A19103F-16F7-4668-BE54-9A1E7A4F7556}") = "BusinessClockApi", "BusinessClockApi\BusinessClockApi.csproj", "{2EE83DD7-5D03-4BFB-94F9-24C02C208180}"
EndProject
Project("{FAE04EC0-301F-11D3-BF4B-00C04F79EFBC}") = "BusinessClock.IntegrationTests", "BusinessClock.IntegrationTests\BusinessClock.IntegrationTests.csproj", "{DC6072E5-9ADC-498F-A7C0-0BB9E9D89481}"
EndProject
Project("{FAE04EC0-301F-11D3-BF4B-00C04F79EFBC}") = "BusinessClock.UnitTests", "BusinessClock.UnitTests\BusinessClock.UnitTests.csproj", "{77347C23-0D2D-437C-A814-FCDEBCF76EEE}"
EndProject
Global
	GlobalSection(SolutionConfigurationPlatforms) = preSolution
		Debug|Any CPU = Debug|Any CPU
		Release|Any CPU = Release|Any CPU
	EndGlobalSection
	GlobalSection(ProjectConfigurationPlatforms) = postSolution
		{2EE83DD7-5D03-4BFB-94F9-24C02C208180}.Debug|Any CPU.ActiveCfg = Debug|Any CPU
		{2EE83DD7-5D03-4BFB-94F9-24C02C208180}.Debug|Any CPU.Build.0 = Debug|Any CPU
		{2EE83DD7-5D03-4BFB-94F9-24C02C208180}.Release|Any CPU.ActiveCfg = Release|Any CPU
		{2EE83DD7-5D03-4BFB-94F9-24C02C208180}.Release|Any CPU.Build.0 = Release|Any CPU
		{DC6072E5-9ADC-498F-A7C0-0BB9E9D89481}.Debug|Any CPU.ActiveCfg = Debug|Any CPU
		{DC6072E5-9ADC-498F-A7C0-0BB9E9D89481}.Debug|Any CPU.Build.0 = Debug|Any CPU
		{DC6072E5-9ADC-498F-A7C0-0BB9E9D89481}.Release|Any CPU.ActiveCfg = Release|Any CPU
		{DC6072E5-9ADC-498F-A7C0-0BB9E9D89481}.Release|Any CPU.Build.0 = Release|Any CPU
		{77347C23-0D2D-437C-A814-FCDEBCF76EEE}.Debug|Any CPU.ActiveCfg = Debug|Any CPU
		{77347C23-0D2D-437C-A814-FCDEBCF76EEE}.Debug|Any CPU.Build.0 = Debug|Any CPU
		{77347C23-0D2D-437C-A814-FCDEBCF76EEE}.Release|Any CPU.ActiveCfg = Release|Any CPU
		{77347C23-0D2D-437C-A814-FCDEBCF76EEE}.Release|Any CPU.Build.0 = Release|Any CPU
	EndGlobalSection
	GlobalSection(SolutionProperties) = preSolution
		HideSolutionNode = FALSE
	EndGlobalSection
	GlobalSection(ExtensibilityGlobals) = postSolution
		SolutionGuid = {29418D20-2DDC-4CDB-9A2C-D5861DA43B2A}
	EndGlobalSection
EndGlobal
