
Microsoft Visual Studio Solution File, Format Version 12.00
# Visual Studio Version 17
VisualStudioVersion = 17.6.33801.468
MinimumVisualStudioVersion = 10.0.40219.1
Project("{9A19103F-16F7-4668-BE54-9A1E7A4F7556}") = "Banking.Domain", "Banking.Domain\Banking.Domain.csproj", "{4CBE0D5F-F921-4C75-BA9C-90A96383DD0F}"
EndProject
Project("{FAE04EC0-301F-11D3-BF4B-00C04F79EFBC}") = "Banking.UnitTests", "Banking.UnitTests\Banking.UnitTests.csproj", "{67E27929-FBDE-42CC-AEBE-9BD1597998EB}"
EndProject
Global
	GlobalSection(SolutionConfigurationPlatforms) = preSolution
		Debug|Any CPU = Debug|Any CPU
		Release|Any CPU = Release|Any CPU
	EndGlobalSection
	GlobalSection(ProjectConfigurationPlatforms) = postSolution
		{4CBE0D5F-F921-4C75-BA9C-90A96383DD0F}.Debug|Any CPU.ActiveCfg = Debug|Any CPU
		{4CBE0D5F-F921-4C75-BA9C-90A96383DD0F}.Debug|Any CPU.Build.0 = Debug|Any CPU
		{4CBE0D5F-F921-4C75-BA9C-90A96383DD0F}.Release|Any CPU.ActiveCfg = Release|Any CPU
		{4CBE0D5F-F921-4C75-BA9C-90A96383DD0F}.Release|Any CPU.Build.0 = Release|Any CPU
		{67E27929-FBDE-42CC-AEBE-9BD1597998EB}.Debug|Any CPU.ActiveCfg = Debug|Any CPU
		{67E27929-FBDE-42CC-AEBE-9BD1597998EB}.Debug|Any CPU.Build.0 = Debug|Any CPU
		{67E27929-FBDE-42CC-AEBE-9BD1597998EB}.Release|Any CPU.ActiveCfg = Release|Any CPU
		{67E27929-FBDE-42CC-AEBE-9BD1597998EB}.Release|Any CPU.Build.0 = Release|Any CPU
	EndGlobalSection
	GlobalSection(SolutionProperties) = preSolution
		HideSolutionNode = FALSE
	EndGlobalSection
	GlobalSection(ExtensibilityGlobals) = postSolution
		SolutionGuid = {3D10CFDC-98D4-41F5-BC5E-10828BFB232E}
	EndGlobalSection
EndGlobal
