
Microsoft Visual Studio Solution File, Format Version 12.00
# Visual Studio Version 17
VisualStudioVersion = 17.6.33801.468
MinimumVisualStudioVersion = 10.0.40219.1
Project("{FAE04EC0-301F-11D3-BF4B-00C04F79EFBC}") = "GeneralUtilitiesFixed", "GeneralUtilitiesFixed\GeneralUtilitiesFixed.csproj", "{EC849A67-5F79-48B6-8AC7-F6CA8E283970}"
EndProject
Global
	GlobalSection(SolutionConfigurationPlatforms) = preSolution
		Debug|Any CPU = Debug|Any CPU
		Release|Any CPU = Release|Any CPU
	EndGlobalSection
	GlobalSection(ProjectConfigurationPlatforms) = postSolution
		{EC849A67-5F79-48B6-8AC7-F6CA8E283970}.Debug|Any CPU.ActiveCfg = Debug|Any CPU
		{EC849A67-5F79-48B6-8AC7-F6CA8E283970}.Debug|Any CPU.Build.0 = Debug|Any CPU
		{EC849A67-5F79-48B6-8AC7-F6CA8E283970}.Release|Any CPU.ActiveCfg = Release|Any CPU
		{EC849A67-5F79-48B6-8AC7-F6CA8E283970}.Release|Any CPU.Build.0 = Release|Any CPU
	EndGlobalSection
	GlobalSection(SolutionProperties) = preSolution
		HideSolutionNode = FALSE
	EndGlobalSection
	GlobalSection(ExtensibilityGlobals) = postSolution
		SolutionGuid = {90584552-7C40-45C0-808D-31283D070842}
	EndGlobalSection
EndGlobal
